
Microsoft Visual Studio Solution File, Format Version 12.00
# Visual Studio Version 16
VisualStudioVersion = 16.0.34031.81
MinimumVisualStudioVersion = 10.0.40219.1
Project("{2150E333-8FDC-42A3-9474-1A3956D46DE8}") = "Task0", "Task0", "{7C1EDE24-8E92-4545-8408-4A97A6BE059C}"
EndProject
Project("{FAE04EC0-301F-11D3-BF4B-00C04F79EFBC}") = "Tyuiu.FedorenkoKS.Sprint2.Task0.V7", "Tyuiu.FedorenkoKS.Sprint2.Task0.V7\Tyuiu.FedorenkoKS.Sprint2.Task0.V7.csproj", "{441EEF7D-5A80-4779-893E-50502280F71C}"
EndProject
Project("{FAE04EC0-301F-11D3-BF4B-00C04F79EFBC}") = "Tyuiu.FedorenkoKS.Sprint2.Task0.V7.Lib", "Tyuiu.FedorenkoKS.Sprint2.Task0.V7.Lib\Tyuiu.FedorenkoKS.Sprint2.Task0.V7.Lib.csproj", "{A3329A29-8522-430C-8C7A-D27064A3D344}"
EndProject
Project("{FAE04EC0-301F-11D3-BF4B-00C04F79EFBC}") = "Tyuiu.FedorenkoKS.Sprint2.Task0.V7.Test", "Tyuiu.FedorenkoKS.Sprint2.Task0.V7.Test\Tyuiu.FedorenkoKS.Sprint2.Task0.V7.Test.csproj", "{29B892D2-8B57-47E9-8BCF-58CF5CDC293F}"
EndProject
Project("{2150E333-8FDC-42A3-9474-1A3956D46DE8}") = "Task1", "Task1", "{A410BE78-D1F1-4470-B6E7-0849BB9980D8}"
EndProject
Project("{FAE04EC0-301F-11D3-BF4B-00C04F79EFBC}") = "Tyuiu.FedorenkoKS.Sprint2.Task1.V26", "Tyuiu.FedorenkoKS.Sprint2.Task1.V26\Tyuiu.FedorenkoKS.Sprint2.Task1.V26.csproj", "{CEA2C948-6788-4AE9-9AA5-9B1975BDB11B}"
EndProject
Project("{FAE04EC0-301F-11D3-BF4B-00C04F79EFBC}") = "Tyuiu.FedorenkoKS.Sprint2.Task1.V26.Test", "Tyuiu.FedorenkoKS.Sprint2.Task1.V26.Test\Tyuiu.FedorenkoKS.Sprint2.Task1.V26.Test.csproj", "{88E25752-3D95-4F13-893E-0EF480175767}"
EndProject
Project("{FAE04EC0-301F-11D3-BF4B-00C04F79EFBC}") = "Tyuiu.FedorenkoKS.Sprint2.Task1.V26.Lib", "Tyuiu.FedorenkoKS.Sprint2.Task1.V26.Lib\Tyuiu.FedorenkoKS.Sprint2.Task1.V26.Lib.csproj", "{9DEA13C6-F8CD-4A64-8E35-42FF9E25F3F7}"
EndProject
Project("{2150E333-8FDC-42A3-9474-1A3956D46DE8}") = "Task2", "Task2", "{235E8859-6350-4A7E-81B5-219B71200EAA}"
EndProject
Project("{FAE04EC0-301F-11D3-BF4B-00C04F79EFBC}") = "Tyuiu.FedorenkoKS.Sprint2.Task2.V27", "Tyuiu.FedorenkoKS.Sprint2.Task2.V27\Tyuiu.FedorenkoKS.Sprint2.Task2.V27.csproj", "{22AF9926-9734-4A58-AEA2-FE470B3DFE21}"
EndProject
Project("{FAE04EC0-301F-11D3-BF4B-00C04F79EFBC}") = "Tyuiu.FedorenkoKS.Sprint2.Task2.V27.Lib", "Tyuiu.FedorenkoKS.Sprint2.Task2.V27.Lib\Tyuiu.FedorenkoKS.Sprint2.Task2.V27.Lib.csproj", "{3F05D5A5-39D9-4633-80DB-E507DAB0DA48}"
EndProject
Project("{FAE04EC0-301F-11D3-BF4B-00C04F79EFBC}") = "Tyuiu.FedorenkoKS.Sprint2.Task2.V27.Test", "Tyuiu.FedorenkoKS.Sprint2.Task2.V27.Test\Tyuiu.FedorenkoKS.Sprint2.Task2.V27.Test.csproj", "{CAF6CB6D-A828-4CE9-AB9C-4D135F9248CC}"
EndProject
Project("{2150E333-8FDC-42A3-9474-1A3956D46DE8}") = "Task3", "Task3", "{ECDE2D6E-7F26-4C57-B4D2-B5C6740914D7}"
EndProject
Project("{FAE04EC0-301F-11D3-BF4B-00C04F79EFBC}") = "Tyuiu.FedorenkoKS.Sprint2.Task3.V26", "Tyuiu.FedorenkoKS.Sprint2.Task3.V26\Tyuiu.FedorenkoKS.Sprint2.Task3.V26.csproj", "{C37B4DF3-B801-43E1-9578-3BEE6F40B6F4}"
EndProject
Project("{FAE04EC0-301F-11D3-BF4B-00C04F79EFBC}") = "Tyuiu.FedorenkoKS.Sprint2.Task3.V26.Lib", "Tyuiu.FedorenkoKS.Sprint2.Task3.V26.Lib\Tyuiu.FedorenkoKS.Sprint2.Task3.V26.Lib.csproj", "{F68D5908-5A47-4269-9328-C14FB74B45CE}"
EndProject
Project("{FAE04EC0-301F-11D3-BF4B-00C04F79EFBC}") = "Tyuiu.FedorenkoKS.Sprint2.Task3.V26.Test", "Tyuiu.FedorenkoKS.Sprint2.Task3.V26.Test\Tyuiu.FedorenkoKS.Sprint2.Task3.V26.Test.csproj", "{BA3E2E29-37C4-42AB-BEEA-AA7ACCA9E677}"
EndProject
Project("{2150E333-8FDC-42A3-9474-1A3956D46DE8}") = "Task4", "Task4", "{358B3B67-31CE-4781-AD88-D048F75AEE9F}"
EndProject
Project("{FAE04EC0-301F-11D3-BF4B-00C04F79EFBC}") = "Tyuiu.FedorenkoKS.Sprint2.Task4.V5", "Tyuiu.FedorenkoKS.Sprint2.Task4.V5\Tyuiu.FedorenkoKS.Sprint2.Task4.V5.csproj", "{504EE6E9-77E5-43A6-91EC-DF413D53FFBB}"
EndProject
Project("{FAE04EC0-301F-11D3-BF4B-00C04F79EFBC}") = "Tyuiu.FedorenkoKS.Sprint2.Task4.V5.Test", "Tyuiu.FedorenkoKS.Sprint2.Task4.V5.Test\Tyuiu.FedorenkoKS.Sprint2.Task4.V5.Test.csproj", "{C449C209-C17E-4B05-98D4-1259640606C0}"
EndProject
Project("{FAE04EC0-301F-11D3-BF4B-00C04F79EFBC}") = "Tyuiu.FedorenkoKS.Sprint2.Task4.V5.Lib", "Tyuiu.FedorenkoKS.Sprint2.Task4.V5.Lib\Tyuiu.FedorenkoKS.Sprint2.Task4.V5.Lib.csproj", "{5BFB72AC-E331-495B-BA44-B33B0C8E48A4}"
EndProject
Global
	GlobalSection(SolutionConfigurationPlatforms) = preSolution
		Debug|Any CPU = Debug|Any CPU
		Release|Any CPU = Release|Any CPU
	EndGlobalSection
	GlobalSection(ProjectConfigurationPlatforms) = postSolution
		{441EEF7D-5A80-4779-893E-50502280F71C}.Debug|Any CPU.ActiveCfg = Debug|Any CPU
		{441EEF7D-5A80-4779-893E-50502280F71C}.Debug|Any CPU.Build.0 = Debug|Any CPU
		{441EEF7D-5A80-4779-893E-50502280F71C}.Release|Any CPU.ActiveCfg = Release|Any CPU
		{441EEF7D-5A80-4779-893E-50502280F71C}.Release|Any CPU.Build.0 = Release|Any CPU
		{A3329A29-8522-430C-8C7A-D27064A3D344}.Debug|Any CPU.ActiveCfg = Debug|Any CPU
		{A3329A29-8522-430C-8C7A-D27064A3D344}.Debug|Any CPU.Build.0 = Debug|Any CPU
		{A3329A29-8522-430C-8C7A-D27064A3D344}.Release|Any CPU.ActiveCfg = Release|Any CPU
		{A3329A29-8522-430C-8C7A-D27064A3D344}.Release|Any CPU.Build.0 = Release|Any CPU
		{29B892D2-8B57-47E9-8BCF-58CF5CDC293F}.Debug|Any CPU.ActiveCfg = Debug|Any CPU
		{29B892D2-8B57-47E9-8BCF-58CF5CDC293F}.Debug|Any CPU.Build.0 = Debug|Any CPU
		{29B892D2-8B57-47E9-8BCF-58CF5CDC293F}.Release|Any CPU.ActiveCfg = Release|Any CPU
		{29B892D2-8B57-47E9-8BCF-58CF5CDC293F}.Release|Any CPU.Build.0 = Release|Any CPU
		{CEA2C948-6788-4AE9-9AA5-9B1975BDB11B}.Debug|Any CPU.ActiveCfg = Debug|Any CPU
		{CEA2C948-6788-4AE9-9AA5-9B1975BDB11B}.Debug|Any CPU.Build.0 = Debug|Any CPU
		{CEA2C948-6788-4AE9-9AA5-9B1975BDB11B}.Release|Any CPU.ActiveCfg = Release|Any CPU
		{CEA2C948-6788-4AE9-9AA5-9B1975BDB11B}.Release|Any CPU.Build.0 = Release|Any CPU
		{88E25752-3D95-4F13-893E-0EF480175767}.Debug|Any CPU.ActiveCfg = Debug|Any CPU
		{88E25752-3D95-4F13-893E-0EF480175767}.Debug|Any CPU.Build.0 = Debug|Any CPU
		{88E25752-3D95-4F13-893E-0EF480175767}.Release|Any CPU.ActiveCfg = Release|Any CPU
		{88E25752-3D95-4F13-893E-0EF480175767}.Release|Any CPU.Build.0 = Release|Any CPU
		{9DEA13C6-F8CD-4A64-8E35-42FF9E25F3F7}.Debug|Any CPU.ActiveCfg = Debug|Any CPU
		{9DEA13C6-F8CD-4A64-8E35-42FF9E25F3F7}.Debug|Any CPU.Build.0 = Debug|Any CPU
		{9DEA13C6-F8CD-4A64-8E35-42FF9E25F3F7}.Release|Any CPU.ActiveCfg = Release|Any CPU
		{9DEA13C6-F8CD-4A64-8E35-42FF9E25F3F7}.Release|Any CPU.Build.0 = Release|Any CPU
		{22AF9926-9734-4A58-AEA2-FE470B3DFE21}.Debug|Any CPU.ActiveCfg = Debug|Any CPU
		{22AF9926-9734-4A58-AEA2-FE470B3DFE21}.Debug|Any CPU.Build.0 = Debug|Any CPU
		{22AF9926-9734-4A58-AEA2-FE470B3DFE21}.Release|Any CPU.ActiveCfg = Release|Any CPU
		{22AF9926-9734-4A58-AEA2-FE470B3DFE21}.Release|Any CPU.Build.0 = Release|Any CPU
		{3F05D5A5-39D9-4633-80DB-E507DAB0DA48}.Debug|Any CPU.ActiveCfg = Debug|Any CPU
		{3F05D5A5-39D9-4633-80DB-E507DAB0DA48}.Debug|Any CPU.Build.0 = Debug|Any CPU
		{3F05D5A5-39D9-4633-80DB-E507DAB0DA48}.Release|Any CPU.ActiveCfg = Release|Any CPU
		{3F05D5A5-39D9-4633-80DB-E507DAB0DA48}.Release|Any CPU.Build.0 = Release|Any CPU
		{CAF6CB6D-A828-4CE9-AB9C-4D135F9248CC}.Debug|Any CPU.ActiveCfg = Debug|Any CPU
		{CAF6CB6D-A828-4CE9-AB9C-4D135F9248CC}.Debug|Any CPU.Build.0 = Debug|Any CPU
		{CAF6CB6D-A828-4CE9-AB9C-4D135F9248CC}.Release|Any CPU.ActiveCfg = Release|Any CPU
		{CAF6CB6D-A828-4CE9-AB9C-4D135F9248CC}.Release|Any CPU.Build.0 = Release|Any CPU
		{C37B4DF3-B801-43E1-9578-3BEE6F40B6F4}.Debug|Any CPU.ActiveCfg = Debug|Any CPU
		{C37B4DF3-B801-43E1-9578-3BEE6F40B6F4}.Debug|Any CPU.Build.0 = Debug|Any CPU
		{C37B4DF3-B801-43E1-9578-3BEE6F40B6F4}.Release|Any CPU.ActiveCfg = Release|Any CPU
		{C37B4DF3-B801-43E1-9578-3BEE6F40B6F4}.Release|Any CPU.Build.0 = Release|Any CPU
		{F68D5908-5A47-4269-9328-C14FB74B45CE}.Debug|Any CPU.ActiveCfg = Debug|Any CPU
		{F68D5908-5A47-4269-9328-C14FB74B45CE}.Debug|Any CPU.Build.0 = Debug|Any CPU
		{F68D5908-5A47-4269-9328-C14FB74B45CE}.Release|Any CPU.ActiveCfg = Release|Any CPU
		{F68D5908-5A47-4269-9328-C14FB74B45CE}.Release|Any CPU.Build.0 = Release|Any CPU
		{BA3E2E29-37C4-42AB-BEEA-AA7ACCA9E677}.Debug|Any CPU.ActiveCfg = Debug|Any CPU
		{BA3E2E29-37C4-42AB-BEEA-AA7ACCA9E677}.Debug|Any CPU.Build.0 = Debug|Any CPU
		{BA3E2E29-37C4-42AB-BEEA-AA7ACCA9E677}.Release|Any CPU.ActiveCfg = Release|Any CPU
		{BA3E2E29-37C4-42AB-BEEA-AA7ACCA9E677}.Release|Any CPU.Build.0 = Release|Any CPU
		{504EE6E9-77E5-43A6-91EC-DF413D53FFBB}.Debug|Any CPU.ActiveCfg = Debug|Any CPU
		{504EE6E9-77E5-43A6-91EC-DF413D53FFBB}.Debug|Any CPU.Build.0 = Debug|Any CPU
		{504EE6E9-77E5-43A6-91EC-DF413D53FFBB}.Release|Any CPU.ActiveCfg = Release|Any CPU
		{504EE6E9-77E5-43A6-91EC-DF413D53FFBB}.Release|Any CPU.Build.0 = Release|Any CPU
		{C449C209-C17E-4B05-98D4-1259640606C0}.Debug|Any CPU.ActiveCfg = Debug|Any CPU
		{C449C209-C17E-4B05-98D4-1259640606C0}.Debug|Any CPU.Build.0 = Debug|Any CPU
		{C449C209-C17E-4B05-98D4-1259640606C0}.Release|Any CPU.ActiveCfg = Release|Any CPU
		{C449C209-C17E-4B05-98D4-1259640606C0}.Release|Any CPU.Build.0 = Release|Any CPU
		{5BFB72AC-E331-495B-BA44-B33B0C8E48A4}.Debug|Any CPU.ActiveCfg = Debug|Any CPU
		{5BFB72AC-E331-495B-BA44-B33B0C8E48A4}.Debug|Any CPU.Build.0 = Debug|Any CPU
		{5BFB72AC-E331-495B-BA44-B33B0C8E48A4}.Release|Any CPU.ActiveCfg = Release|Any CPU
		{5BFB72AC-E331-495B-BA44-B33B0C8E48A4}.Release|Any CPU.Build.0 = Release|Any CPU
	EndGlobalSection
	GlobalSection(SolutionProperties) = preSolution
		HideSolutionNode = FALSE
	EndGlobalSection
	GlobalSection(NestedProjects) = preSolution
		{441EEF7D-5A80-4779-893E-50502280F71C} = {7C1EDE24-8E92-4545-8408-4A97A6BE059C}
		{A3329A29-8522-430C-8C7A-D27064A3D344} = {7C1EDE24-8E92-4545-8408-4A97A6BE059C}
		{29B892D2-8B57-47E9-8BCF-58CF5CDC293F} = {7C1EDE24-8E92-4545-8408-4A97A6BE059C}
		{CEA2C948-6788-4AE9-9AA5-9B1975BDB11B} = {A410BE78-D1F1-4470-B6E7-0849BB9980D8}
		{88E25752-3D95-4F13-893E-0EF480175767} = {A410BE78-D1F1-4470-B6E7-0849BB9980D8}
		{9DEA13C6-F8CD-4A64-8E35-42FF9E25F3F7} = {A410BE78-D1F1-4470-B6E7-0849BB9980D8}
		{22AF9926-9734-4A58-AEA2-FE470B3DFE21} = {235E8859-6350-4A7E-81B5-219B71200EAA}
		{3F05D5A5-39D9-4633-80DB-E507DAB0DA48} = {235E8859-6350-4A7E-81B5-219B71200EAA}
		{CAF6CB6D-A828-4CE9-AB9C-4D135F9248CC} = {235E8859-6350-4A7E-81B5-219B71200EAA}
		{C37B4DF3-B801-43E1-9578-3BEE6F40B6F4} = {ECDE2D6E-7F26-4C57-B4D2-B5C6740914D7}
		{F68D5908-5A47-4269-9328-C14FB74B45CE} = {ECDE2D6E-7F26-4C57-B4D2-B5C6740914D7}
		{BA3E2E29-37C4-42AB-BEEA-AA7ACCA9E677} = {ECDE2D6E-7F26-4C57-B4D2-B5C6740914D7}
		{504EE6E9-77E5-43A6-91EC-DF413D53FFBB} = {358B3B67-31CE-4781-AD88-D048F75AEE9F}
		{C449C209-C17E-4B05-98D4-1259640606C0} = {358B3B67-31CE-4781-AD88-D048F75AEE9F}
		{5BFB72AC-E331-495B-BA44-B33B0C8E48A4} = {358B3B67-31CE-4781-AD88-D048F75AEE9F}
	EndGlobalSection
	GlobalSection(ExtensibilityGlobals) = postSolution
		SolutionGuid = {1FC294F1-072A-4A01-8829-45FEDA531EAD}
	EndGlobalSection
EndGlobal
