
Microsoft Visual Studio Solution File, Format Version 12.00
# Visual Studio Version 16
VisualStudioVersion = 16.0.34031.81
MinimumVisualStudioVersion = 10.0.40219.1
Project("{2150E333-8FDC-42A3-9474-1A3956D46DE8}") = "Task0", "Task0", "{7C1EDE24-8E92-4545-8408-4A97A6BE059C}"
EndProject
Project("{FAE04EC0-301F-11D3-BF4B-00C04F79EFBC}") = "Tyuiu.FedorenkoKS.Sprint2.Task0.V7", "Tyuiu.FedorenkoKS.Sprint2.Task0.V7\Tyuiu.FedorenkoKS.Sprint2.Task0.V7.csproj", "{441EEF7D-5A80-4779-893E-50502280F71C}"
EndProject
Project("{FAE04EC0-301F-11D3-BF4B-00C04F79EFBC}") = "Tyuiu.FedorenkoKS.Sprint2.Task0.V7.Lib", "Tyuiu.FedorenkoKS.Sprint2.Task0.V7.Lib\Tyuiu.FedorenkoKS.Sprint2.Task0.V7.Lib.csproj", "{A3329A29-8522-430C-8C7A-D27064A3D344}"
EndProject
Project("{FAE04EC0-301F-11D3-BF4B-00C04F79EFBC}") = "Tyuiu.FedorenkoKS.Sprint2.Task0.V7.Test", "Tyuiu.FedorenkoKS.Sprint2.Task0.V7.Test\Tyuiu.FedorenkoKS.Sprint2.Task0.V7.Test.csproj", "{29B892D2-8B57-47E9-8BCF-58CF5CDC293F}"
EndProject
Project("{2150E333-8FDC-42A3-9474-1A3956D46DE8}") = "Task1", "Task1", "{A410BE78-D1F1-4470-B6E7-0849BB9980D8}"
EndProject
Project("{FAE04EC0-301F-11D3-BF4B-00C04F79EFBC}") = "Tyuiu.FedorenkoKS.Sprint2.Task1.V26", "Tyuiu.FedorenkoKS.Sprint2.Task1.V26\Tyuiu.FedorenkoKS.Sprint2.Task1.V26.csproj", "{CEA2C948-6788-4AE9-9AA5-9B1975BDB11B}"
EndProject
Project("{FAE04EC0-301F-11D3-BF4B-00C04F79EFBC}") = "Tyuiu.FedorenkoKS.Sprint2.Task1.V26.Test", "Tyuiu.FedorenkoKS.Sprint2.Task1.V26.Test\Tyuiu.FedorenkoKS.Sprint2.Task1.V26.Test.csproj", "{88E25752-3D95-4F13-893E-0EF480175767}"
EndProject
Project("{FAE04EC0-301F-11D3-BF4B-00C04F79EFBC}") = "Tyuiu.FedorenkoKS.Sprint2.Task1.V26.Lib", "Tyuiu.FedorenkoKS.Sprint2.Task1.V26.Lib\Tyuiu.FedorenkoKS.Sprint2.Task1.V26.Lib.csproj", "{9DEA13C6-F8CD-4A64-8E35-42FF9E25F3F7}"
EndProject
Global
	GlobalSection(SolutionConfigurationPlatforms) = preSolution
		Debug|Any CPU = Debug|Any CPU
		Release|Any CPU = Release|Any CPU
	EndGlobalSection
	GlobalSection(ProjectConfigurationPlatforms) = postSolution
		{441EEF7D-5A80-4779-893E-50502280F71C}.Debug|Any CPU.ActiveCfg = Debug|Any CPU
		{441EEF7D-5A80-4779-893E-50502280F71C}.Debug|Any CPU.Build.0 = Debug|Any CPU
		{441EEF7D-5A80-4779-893E-50502280F71C}.Release|Any CPU.ActiveCfg = Release|Any CPU
		{441EEF7D-5A80-4779-893E-50502280F71C}.Release|Any CPU.Build.0 = Release|Any CPU
		{A3329A29-8522-430C-8C7A-D27064A3D344}.Debug|Any CPU.ActiveCfg = Debug|Any CPU
		{A3329A29-8522-430C-8C7A-D27064A3D344}.Debug|Any CPU.Build.0 = Debug|Any CPU
		{A3329A29-8522-430C-8C7A-D27064A3D344}.Release|Any CPU.ActiveCfg = Release|Any CPU
		{A3329A29-8522-430C-8C7A-D27064A3D344}.Release|Any CPU.Build.0 = Release|Any CPU
		{29B892D2-8B57-47E9-8BCF-58CF5CDC293F}.Debug|Any CPU.ActiveCfg = Debug|Any CPU
		{29B892D2-8B57-47E9-8BCF-58CF5CDC293F}.Debug|Any CPU.Build.0 = Debug|Any CPU
		{29B892D2-8B57-47E9-8BCF-58CF5CDC293F}.Release|Any CPU.ActiveCfg = Release|Any CPU
		{29B892D2-8B57-47E9-8BCF-58CF5CDC293F}.Release|Any CPU.Build.0 = Release|Any CPU
		{CEA2C948-6788-4AE9-9AA5-9B1975BDB11B}.Debug|Any CPU.ActiveCfg = Debug|Any CPU
		{CEA2C948-6788-4AE9-9AA5-9B1975BDB11B}.Debug|Any CPU.Build.0 = Debug|Any CPU
		{CEA2C948-6788-4AE9-9AA5-9B1975BDB11B}.Release|Any CPU.ActiveCfg = Release|Any CPU
		{CEA2C948-6788-4AE9-9AA5-9B1975BDB11B}.Release|Any CPU.Build.0 = Release|Any CPU
		{88E25752-3D95-4F13-893E-0EF480175767}.Debug|Any CPU.ActiveCfg = Debug|Any CPU
		{88E25752-3D95-4F13-893E-0EF480175767}.Debug|Any CPU.Build.0 = Debug|Any CPU
		{88E25752-3D95-4F13-893E-0EF480175767}.Release|Any CPU.ActiveCfg = Release|Any CPU
		{88E25752-3D95-4F13-893E-0EF480175767}.Release|Any CPU.Build.0 = Release|Any CPU
		{9DEA13C6-F8CD-4A64-8E35-42FF9E25F3F7}.Debug|Any CPU.ActiveCfg = Debug|Any CPU
		{9DEA13C6-F8CD-4A64-8E35-42FF9E25F3F7}.Debug|Any CPU.Build.0 = Debug|Any CPU
		{9DEA13C6-F8CD-4A64-8E35-42FF9E25F3F7}.Release|Any CPU.ActiveCfg = Release|Any CPU
		{9DEA13C6-F8CD-4A64-8E35-42FF9E25F3F7}.Release|Any CPU.Build.0 = Release|Any CPU
	EndGlobalSection
	GlobalSection(SolutionProperties) = preSolution
		HideSolutionNode = FALSE
	EndGlobalSection
	GlobalSection(NestedProjects) = preSolution
		{441EEF7D-5A80-4779-893E-50502280F71C} = {7C1EDE24-8E92-4545-8408-4A97A6BE059C}
		{A3329A29-8522-430C-8C7A-D27064A3D344} = {7C1EDE24-8E92-4545-8408-4A97A6BE059C}
		{29B892D2-8B57-47E9-8BCF-58CF5CDC293F} = {7C1EDE24-8E92-4545-8408-4A97A6BE059C}
		{CEA2C948-6788-4AE9-9AA5-9B1975BDB11B} = {A410BE78-D1F1-4470-B6E7-0849BB9980D8}
		{88E25752-3D95-4F13-893E-0EF480175767} = {A410BE78-D1F1-4470-B6E7-0849BB9980D8}
		{9DEA13C6-F8CD-4A64-8E35-42FF9E25F3F7} = {A410BE78-D1F1-4470-B6E7-0849BB9980D8}
	EndGlobalSection
	GlobalSection(ExtensibilityGlobals) = postSolution
		SolutionGuid = {1FC294F1-072A-4A01-8829-45FEDA531EAD}
	EndGlobalSection
EndGlobal
